
Microsoft Visual Studio Solution File, Format Version 12.00
# Visual Studio Version 17
VisualStudioVersion = 17.0.32014.148
MinimumVisualStudioVersion = 10.0.40219.1
Project("{FAE04EC0-301F-11D3-BF4B-00C04F79EFBC}") = "Eshop.Web", "Eshop.Web\Eshop.Web.csproj", "{1B78B1A0-7237-41FE-B934-397E6B352459}"
EndProject
Global
	GlobalSection(SolutionConfigurationPlatforms) = preSolution
		Debug|Any CPU = Debug|Any CPU
		Release|Any CPU = Release|Any CPU
	EndGlobalSection
	GlobalSection(ProjectConfigurationPlatforms) = postSolution
		{1B78B1A0-7237-41FE-B934-397E6B352459}.Debug|Any CPU.ActiveCfg = Debug|Any CPU
		{1B78B1A0-7237-41FE-B934-397E6B352459}.Debug|Any CPU.Build.0 = Debug|Any CPU
		{1B78B1A0-7237-41FE-B934-397E6B352459}.Release|Any CPU.ActiveCfg = Release|Any CPU
		{1B78B1A0-7237-41FE-B934-397E6B352459}.Release|Any CPU.Build.0 = Release|Any CPU
	EndGlobalSection
	GlobalSection(SolutionProperties) = preSolution
		HideSolutionNode = FALSE
	EndGlobalSection
	GlobalSection(ExtensibilityGlobals) = postSolution
		SolutionGuid = {21767CF9-B5C6-43C6-9245-65385C877B64}
	EndGlobalSection
EndGlobal
